Microsoft Visual Studio Solution File, Format Version 12.00
# Visual Studio Version 17
VisualStudioVersion = 17.2.32616.157
MinimumVisualStudioVersion = 10.0.40219.1
Project("{FAE04EC0-301F-11D3-BF4B-00C04F79EFBC}") = "InventoryStack", "InventoryStack\InventoryStack.csproj", "{41D2BDD7-E52C-4470-AC81-5F4B496CC559}"
EndProject
Project("{2150E333-8FDC-42A3-9474-1A3956D46DE8}") = "Solution Items", "Solution Items", "{8F1AA13D-1A55-41EF-8722-CB84D420B45E}"
	ProjectSection(SolutionItems) = preProject
		.editorconfig = .editorconfig
		.gitattributes = .gitattributes
		.gitignore = .gitignore
		LICENSE = LICENSE
		README.md = README.md
	EndProjectSection
EndProject
Project("{2150E333-8FDC-42A3-9474-1A3956D46DE8}") = "ModResources", "ModResources", "{3EFDB8E4-CE0A-48E6-8BF0-AD3F68336B1D}"
	ProjectSection(SolutionItems) = preProject
		ModResources\after.gif = ModResources\after.gif
		ModResources\banner.jpg = ModResources\banner.jpg
		ModResources\before.gif = ModResources\before.gif
		ModResources\icon.png = ModResources\icon.png
		ModResources\InventoryOrder.xcf = ModResources\InventoryOrder.xcf
		ModResources\InventoryStack.xcf = ModResources\InventoryStack.xcf
		ModResources\modinfo.json = ModResources\modinfo.json
		ModResources\order.png = ModResources\order.png
		ModResources\StackOfBooks.svg = ModResources\StackOfBooks.svg
		ModResources\version.txt = ModResources\version.txt
	EndProjectSection
EndProject
Project("{2150E333-8FDC-42A3-9474-1A3956D46DE8}") = "utils", "utils", "{8AFA9DDF-18A9-49AC-8B62-63B7243A2B0C}"
	ProjectSection(SolutionItems) = preProject
		utils\prepare-release = utils\prepare-release
	EndProjectSection
EndProject
Project("{2150E333-8FDC-42A3-9474-1A3956D46DE8}") = "raft-prepare-release", "raft-prepare-release", "{12C70D94-3D78-43E9-B586-DD5F8C343395}"
	ProjectSection(SolutionItems) = preProject
		utils\raft-prepare-release\.editorconfig = utils\raft-prepare-release\.editorconfig
		utils\raft-prepare-release\.gitattributes = utils\raft-prepare-release\.gitattributes
		utils\raft-prepare-release\.gitignore = utils\raft-prepare-release\.gitignore
		utils\raft-prepare-release\.gitmodules = utils\raft-prepare-release\.gitmodules
		utils\raft-prepare-release\LICENSE = utils\raft-prepare-release\LICENSE
		utils\raft-prepare-release\PrepareRelease.ps1 = utils\raft-prepare-release\PrepareRelease.ps1
		utils\raft-prepare-release\README.md = utils\raft-prepare-release\README.md
	EndProjectSection
EndProject
Project("{2150E333-8FDC-42A3-9474-1A3956D46DE8}") = "modules", "modules", "{4EDFA5A2-3503-4C24-8F98-57BE3D4B1C60}"
	ProjectSection(SolutionItems) = preProject
		utils\raft-prepare-release\modules\Git.psm1 = utils\raft-prepare-release\modules\Git.psm1
		utils\raft-prepare-release\modules\Paths.psm1 = utils\raft-prepare-release\modules\Paths.psm1
		utils\raft-prepare-release\modules\Version.psm1 = utils\raft-prepare-release\modules\Version.psm1
	EndProjectSection
EndProject
Project("{2150E333-8FDC-42A3-9474-1A3956D46DE8}") = "Get-RaftDir", "Get-RaftDir", "{BC0B8732-D3AD-419D-BDE5-E73B9A00AD34}"
	ProjectSection(SolutionItems) = preProject
		utils\raft-prepare-release\modules\Get-RaftDir\.editorconfig = utils\raft-prepare-release\modules\Get-RaftDir\.editorconfig
		utils\raft-prepare-release\modules\Get-RaftDir\.gitattributes = utils\raft-prepare-release\modules\Get-RaftDir\.gitattributes
		utils\raft-prepare-release\modules\Get-RaftDir\.gitignore = utils\raft-prepare-release\modules\Get-RaftDir\.gitignore
		utils\raft-prepare-release\modules\Get-RaftDir\LICENSE = utils\raft-prepare-release\modules\Get-RaftDir\LICENSE
		utils\raft-prepare-release\modules\Get-RaftDir\RaftDir.psm1 = utils\raft-prepare-release\modules\Get-RaftDir\RaftDir.psm1
		utils\raft-prepare-release\modules\Get-RaftDir\README.md = utils\raft-prepare-release\modules\Get-RaftDir\README.md
	EndProjectSection
EndProject
Global
	GlobalSection(SolutionConfigurationPlatforms) = preSolution
		Debug|Any CPU = Debug|Any CPU
		Release|Any CPU = Release|Any CPU
	EndGlobalSection
	GlobalSection(ProjectConfigurationPlatforms) = postSolution
		{41D2BDD7-E52C-4470-AC81-5F4B496CC559}.Debug|Any CPU.ActiveCfg = Debug|Any CPU
		{41D2BDD7-E52C-4470-AC81-5F4B496CC559}.Debug|Any CPU.Build.0 = Debug|Any CPU
		{41D2BDD7-E52C-4470-AC81-5F4B496CC559}.Release|Any CPU.ActiveCfg = Release|Any CPU
		{41D2BDD7-E52C-4470-AC81-5F4B496CC559}.Release|Any CPU.Build.0 = Release|Any CPU
	EndGlobalSection
	GlobalSection(SolutionProperties) = preSolution
		HideSolutionNode = FALSE
	EndGlobalSection
	GlobalSection(NestedProjects) = preSolution
		{3EFDB8E4-CE0A-48E6-8BF0-AD3F68336B1D} = {8F1AA13D-1A55-41EF-8722-CB84D420B45E}
		{8AFA9DDF-18A9-49AC-8B62-63B7243A2B0C} = {8F1AA13D-1A55-41EF-8722-CB84D420B45E}
		{12C70D94-3D78-43E9-B586-DD5F8C343395} = {8AFA9DDF-18A9-49AC-8B62-63B7243A2B0C}
		{4EDFA5A2-3503-4C24-8F98-57BE3D4B1C60} = {12C70D94-3D78-43E9-B586-DD5F8C343395}
		{BC0B8732-D3AD-419D-BDE5-E73B9A00AD34} = {4EDFA5A2-3503-4C24-8F98-57BE3D4B1C60}
	EndGlobalSection
	GlobalSection(ExtensibilityGlobals) = postSolution
		SolutionGuid = {1513B1BC-AF36-42E5-94C4-A1575DADF180}
	EndGlobalSection
EndGlobal
